{
  "name": "prynt",
  "version": "0.1.0",
  "lockfileVersion": 3,
  "requires": true,
  "packages": {
    "": {
      "name": "prynt",
      "version": "0.1.0",
      "workspaces": [
        "apps/*",
        "packages/*"
      ],
      "devDependencies": {
        "typescript": "^5.7.3"
      }
    },
    "apps/api": {
      "name": "@prynt/api",
      "version": "0.1.0",
      "dependencies": {
        "@prynt/ast": "0.1.0",
        "@prynt/core": "0.1.0",
        "@prynt/patches": "0.1.0",
        "@prynt/repair": "0.1.0",
        "@prynt/validator": "0.1.0"
      }
    },
    "apps/web": {
      "name": "@prynt/web",
      "version": "0.1.0",
      "dependencies": {
        "@prynt/ast": "0.1.0",
        "@prynt/core": "0.1.0",
        "@prynt/patches": "0.1.0"
      }
    },
    "node_modules/@prynt/api": {
      "resolved": "apps/api",
      "link": true
    },
    "node_modules/@prynt/ast": {
      "resolved": "packages/ast",
      "link": true
    },
    "node_modules/@prynt/component-registry": {
      "resolved": "packages/component-registry",
      "link": true
    },
    "node_modules/@prynt/core": {
      "resolved": "packages/core",
      "link": true
    },
    "node_modules/@prynt/dsl": {
      "resolved": "packages/dsl",
      "link": true
    },
    "node_modules/@prynt/patches": {
      "resolved": "packages/patches",
      "link": true
    },
    "node_modules/@prynt/repair": {
      "resolved": "packages/repair",
      "link": true
    },
    "node_modules/@prynt/tokens": {
      "resolved": "packages/tokens",
      "link": true
    },
    "node_modules/@prynt/validator": {
      "resolved": "packages/validator",
      "link": true
    },
    "node_modules/@prynt/web": {
      "resolved": "apps/web",
      "link": true
    },
    "node_modules/typescript": {
      "version": "5.9.3",
      "resolved": "https://registry.npmjs.org/typescript/-/typescript-5.9.3.tgz",
      "integrity": "sha512-jl1vZzPDinLr9eUt3J/t7V6FgNEw9QjvBPdysz9KfQDD41fQrC2Y4vKQdiaUpFT4bXlb1RHhLpp8wtm6M5TgSw==",
      "dev": true,
      "license": "Apache-2.0",
      "bin": {
        "tsc": "bin/tsc",
        "tsserver": "bin/tsserver"
      },
      "engines": {
        "node": ">=14.17"
      }
    },
    "packages/ast": {
      "name": "@prynt/ast",
      "version": "0.1.0"
    },
    "packages/component-registry": {
      "name": "@prynt/component-registry",
      "version": "0.1.0",
      "dependencies": {
        "@prynt/tokens": "0.1.0"
      }
    },
    "packages/core": {
      "name": "@prynt/core",
      "version": "0.1.0",
      "dependencies": {
        "@prynt/ast": "0.1.0",
        "@prynt/patches": "0.1.0",
        "@prynt/validator": "0.1.0"
      }
    },
    "packages/dsl": {
      "name": "@prynt/dsl",
      "version": "0.1.0",
      "dependencies": {
        "@prynt/ast": "0.1.0"
      }
    },
    "packages/patches": {
      "name": "@prynt/patches",
      "version": "0.1.0",
      "dependencies": {
        "@prynt/ast": "0.1.0"
      }
    },
    "packages/repair": {
      "name": "@prynt/repair",
      "version": "0.1.0",
      "dependencies": {
        "@prynt/ast": "0.1.0",
        "@prynt/component-registry": "0.1.0",
        "@prynt/patches": "0.1.0",
        "@prynt/tokens": "0.1.0"
      }
    },
    "packages/tokens": {
      "name": "@prynt/tokens",
      "version": "0.1.0"
    },
    "packages/validator": {
      "name": "@prynt/validator",
      "version": "0.1.0",
      "dependencies": {
        "@prynt/ast": "0.1.0",
        "@prynt/component-registry": "0.1.0",
        "@prynt/tokens": "0.1.0"
      }
    }
  }
}
